
Microsoft Visual Studio Solution File, Format Version 12.00
# Visual Studio Version 17
VisualStudioVersion = 17.0.32014.148
MinimumVisualStudioVersion = 10.0.40219.1
Project("{9A19103F-16F7-4668-BE54-9A1E7A4F7556}") = "MealOrdering.Server", "Server\MealOrdering.Server.csproj", "{69D90497-E139-4066-B126-19B10CAB31A3}"
EndProject
Project("{9A19103F-16F7-4668-BE54-9A1E7A4F7556}") = "MealOrdering.Client", "Client\MealOrdering.Client.csproj", "{FB768176-0EA0-4BEE-A16D-3EF99B1402D7}"
EndProject
Project("{9A19103F-16F7-4668-BE54-9A1E7A4F7556}") = "MealOrdering.Shared", "Shared\MealOrdering.Shared.csproj", "{076CB49D-7BEB-46E8-9DA5-2EB97E9A998A}"
EndProject
Project("{9A19103F-16F7-4668-BE54-9A1E7A4F7556}") = "MealOrdering.Server.Data", "MealOrdering.Server.Data\MealOrdering.Server.Data.csproj", "{E1DB5FF3-C52D-4222-888C-9077BE258EE2}"
EndProject
Project("{9A19103F-16F7-4668-BE54-9A1E7A4F7556}") = "MealOrdering.Core", "MealOrdering.Core\MealOrdering.Core.csproj", "{8D232E06-43E3-43D1-80E2-07D8786B4B8D}"
EndProject
Project("{9A19103F-16F7-4668-BE54-9A1E7A4F7556}") = "MealOrdering.Entities", "MealOrdering.Entities\MealOrdering.Entities.csproj", "{EEA2379C-C728-4A72-90EF-7A7C15D04F61}"
EndProject
Project("{9A19103F-16F7-4668-BE54-9A1E7A4F7556}") = "MealOrdering.Business", "MealOrdering.Business\MealOrdering.Business.csproj", "{4B519972-DD52-4497-8805-3320921188A5}"
EndProject
Project("{FAE04EC0-301F-11D3-BF4B-00C04F79EFBC}") = "MealOrdering.Repository", "MealOrdering.Repositories\MealOrdering.Repository.csproj", "{FDE7A2BA-1153-48C3-9DB0-2B44CB0BF6AF}"
EndProject
Global
	GlobalSection(SolutionConfigurationPlatforms) = preSolution
		Debug|Any CPU = Debug|Any CPU
		Release|Any CPU = Release|Any CPU
	EndGlobalSection
	GlobalSection(ProjectConfigurationPlatforms) = postSolution
		{69D90497-E139-4066-B126-19B10CAB31A3}.Debug|Any CPU.ActiveCfg = Debug|Any CPU
		{69D90497-E139-4066-B126-19B10CAB31A3}.Debug|Any CPU.Build.0 = Debug|Any CPU
		{69D90497-E139-4066-B126-19B10CAB31A3}.Release|Any CPU.ActiveCfg = Release|Any CPU
		{69D90497-E139-4066-B126-19B10CAB31A3}.Release|Any CPU.Build.0 = Release|Any CPU
		{FB768176-0EA0-4BEE-A16D-3EF99B1402D7}.Debug|Any CPU.ActiveCfg = Debug|Any CPU
		{FB768176-0EA0-4BEE-A16D-3EF99B1402D7}.Debug|Any CPU.Build.0 = Debug|Any CPU
		{FB768176-0EA0-4BEE-A16D-3EF99B1402D7}.Release|Any CPU.ActiveCfg = Release|Any CPU
		{FB768176-0EA0-4BEE-A16D-3EF99B1402D7}.Release|Any CPU.Build.0 = Release|Any CPU
		{076CB49D-7BEB-46E8-9DA5-2EB97E9A998A}.Debug|Any CPU.ActiveCfg = Debug|Any CPU
		{076CB49D-7BEB-46E8-9DA5-2EB97E9A998A}.Debug|Any CPU.Build.0 = Debug|Any CPU
		{076CB49D-7BEB-46E8-9DA5-2EB97E9A998A}.Release|Any CPU.ActiveCfg = Release|Any CPU
		{076CB49D-7BEB-46E8-9DA5-2EB97E9A998A}.Release|Any CPU.Build.0 = Release|Any CPU
		{E1DB5FF3-C52D-4222-888C-9077BE258EE2}.Debug|Any CPU.ActiveCfg = Debug|Any CPU
		{E1DB5FF3-C52D-4222-888C-9077BE258EE2}.Debug|Any CPU.Build.0 = Debug|Any CPU
		{E1DB5FF3-C52D-4222-888C-9077BE258EE2}.Release|Any CPU.ActiveCfg = Release|Any CPU
		{E1DB5FF3-C52D-4222-888C-9077BE258EE2}.Release|Any CPU.Build.0 = Release|Any CPU
		{8D232E06-43E3-43D1-80E2-07D8786B4B8D}.Debug|Any CPU.ActiveCfg = Debug|Any CPU
		{8D232E06-43E3-43D1-80E2-07D8786B4B8D}.Debug|Any CPU.Build.0 = Debug|Any CPU
		{8D232E06-43E3-43D1-80E2-07D8786B4B8D}.Release|Any CPU.ActiveCfg = Release|Any CPU
		{8D232E06-43E3-43D1-80E2-07D8786B4B8D}.Release|Any CPU.Build.0 = Release|Any CPU
		{EEA2379C-C728-4A72-90EF-7A7C15D04F61}.Debug|Any CPU.ActiveCfg = Debug|Any CPU
		{EEA2379C-C728-4A72-90EF-7A7C15D04F61}.Debug|Any CPU.Build.0 = Debug|Any CPU
		{EEA2379C-C728-4A72-90EF-7A7C15D04F61}.Release|Any CPU.ActiveCfg = Release|Any CPU
		{EEA2379C-C728-4A72-90EF-7A7C15D04F61}.Release|Any CPU.Build.0 = Release|Any CPU
		{4B519972-DD52-4497-8805-3320921188A5}.Debug|Any CPU.ActiveCfg = Debug|Any CPU
		{4B519972-DD52-4497-8805-3320921188A5}.Debug|Any CPU.Build.0 = Debug|Any CPU
		{4B519972-DD52-4497-8805-3320921188A5}.Release|Any CPU.ActiveCfg = Release|Any CPU
		{4B519972-DD52-4497-8805-3320921188A5}.Release|Any CPU.Build.0 = Release|Any CPU
		{FDE7A2BA-1153-48C3-9DB0-2B44CB0BF6AF}.Debug|Any CPU.ActiveCfg = Debug|Any CPU
		{FDE7A2BA-1153-48C3-9DB0-2B44CB0BF6AF}.Debug|Any CPU.Build.0 = Debug|Any CPU
		{FDE7A2BA-1153-48C3-9DB0-2B44CB0BF6AF}.Release|Any CPU.ActiveCfg = Release|Any CPU
		{FDE7A2BA-1153-48C3-9DB0-2B44CB0BF6AF}.Release|Any CPU.Build.0 = Release|Any CPU
	EndGlobalSection
	GlobalSection(SolutionProperties) = preSolution
		HideSolutionNode = FALSE
	EndGlobalSection
	GlobalSection(ExtensibilityGlobals) = postSolution
		SolutionGuid = {7316AFB6-B80A-4A7F-989B-D721444C7AEF}
	EndGlobalSection
EndGlobal
